// !$*UTF8*$!
{
	archiveVersion = 1;
	classes = {
	};
	objectVersion = 48;
	objects = {

/* Begin PBXBuildFile section */
		7BA1E016EF714D7AAEF872E2 /* Pods_LookOut.framework in Frameworks */ = {isa = PBXBuildFile; fileRef = 11D59DFC5CE81B8E7DC75A89 /* Pods_LookOut.framework */; };
		BA37B078204D235C00F3D2D7 /* User.swift in Sources */ = {isa = PBXBuildFile; fileRef = BA37B077204D235C00F3D2D7 /* User.swift */; };
		BA3CFF88204F017200946A10 /* UserService.swift in Sources */ = {isa = PBXBuildFile; fileRef = BA3CFF87204F017200946A10 /* UserService.swift */; };
		BA3CFF8A204F3C0200946A10 /* Constants.swift in Sources */ = {isa = PBXBuildFile; fileRef = BA3CFF89204F3C0200946A10 /* Constants.swift */; };
		BA3D7922204EF3C6000FFCA4 /* CreateUsernameViewController.swift in Sources */ = {isa = PBXBuildFile; fileRef = BA3D7921204EF3C6000FFCA4 /* CreateUsernameViewController.swift */; };
		BA80E850204CEA58003D8048 /* AppDelegate.swift in Sources */ = {isa = PBXBuildFile; fileRef = BA80E84F204CEA58003D8048 /* AppDelegate.swift */; };
		BA80E852204CEA58003D8048 /* ViewController.swift in Sources */ = {isa = PBXBuildFile; fileRef = BA80E851204CEA58003D8048 /* ViewController.swift */; };
		BA80E855204CEA58003D8048 /* Main.storyboard in Resources */ = {isa = PBXBuildFile; fileRef = BA80E853204CEA58003D8048 /* Main.storyboard */; };
		BA80E857204CEA58003D8048 /* Assets.xcassets in Resources */ = {isa = PBXBuildFile; fileRef = BA80E856204CEA58003D8048 /* Assets.xcassets */; };
		BA80E85A204CEA58003D8048 /* LaunchScreen.storyboard in Resources */ = {isa = PBXBuildFile; fileRef = BA80E858204CEA58003D8048 /* LaunchScreen.storyboard */; };
		BA80E86C204CFCFF003D8048 /* Login.storyboard in Resources */ = {isa = PBXBuildFile; fileRef = BA80E86B204CFCFF003D8048 /* Login.storyboard */; };
		BA80E870204D08C7003D8048 /* LoginViewController.swift in Sources */ = {isa = PBXBuildFile; fileRef = BA80E86F204D08C7003D8048 /* LoginViewController.swift */; };
		BA80E872204D0B63003D8048 /* GoogleService-Info.plist in Resources */ = {isa = PBXBuildFile; fileRef = BA80E871204D0B63003D8048 /* GoogleService-Info.plist */; };
/* End PBXBuildFile section */

/* Begin PBXFileReference section */
		11D59DFC5CE81B8E7DC75A89 /* Pods_LookOut.framework */ = {isa = PBXFileReference; explicitFileType = wrapper.framework; includeInIndex = 0; path = Pods_LookOut.framework; sourceTree = BUILT_PRODUCTS_DIR; };
		5A45200B78EDDC86AED9B0D4 /* Pods-LookOut.debug.xcconfig */ = {isa = PBXFileReference; includeInIndex = 1; lastKnownFileType = text.xcconfig; name = "Pods-LookOut.debug.xcconfig"; path = "Pods/Target Support Files/Pods-LookOut/Pods-LookOut.debug.xcconfig"; sourceTree = "<group>"; };
		A5C545F7C56E6CCA9BEF10FB /* Pods-LookOut.release.xcconfig */ = {isa = PBXFileReference; includeInIndex = 1; lastKnownFileType = text.xcconfig; name = "Pods-LookOut.release.xcconfig"; path = "Pods/Target Support Files/Pods-LookOut/Pods-LookOut.release.xcconfig"; sourceTree = "<group>"; };
		BA37B077204D235C00F3D2D7 /* User.swift */ = {isa = PBXFileReference; lastKnownFileType = sourcecode.swift; path = User.swift; sourceTree = "<group>"; };
		BA3CFF87204F017200946A10 /* UserService.swift */ = {isa = PBXFileReference; lastKnownFileType = sourcecode.swift; path = UserService.swift; sourceTree = "<group>"; };
		BA3CFF89204F3C0200946A10 /* Constants.swift */ = {isa = PBXFileReference; lastKnownFileType = sourcecode.swift; path = Constants.swift; sourceTree = "<group>"; };
		BA3D7921204EF3C6000FFCA4 /* CreateUsernameViewController.swift */ = {isa = PBXFileReference; lastKnownFileType = sourcecode.swift; path = CreateUsernameViewController.swift; sourceTree = "<group>"; };
		BA80E84C204CEA58003D8048 /* LookOut.app */ = {isa = PBXFileReference; explicitFileType = wrapper.application; includeInIndex = 0; path = LookOut.app; sourceTree = BUILT_PRODUCTS_DIR; };
		BA80E84F204CEA58003D8048 /* AppDelegate.swift */ = {isa = PBXFileReference; lastKnownFileType = sourcecode.swift; path = AppDelegate.swift; sourceTree = "<group>"; };
		BA80E851204CEA58003D8048 /* ViewController.swift */ = {isa = PBXFileReference; lastKnownFileType = sourcecode.swift; path = ViewController.swift; sourceTree = "<group>"; };
		BA80E854204CEA58003D8048 /* Base */ = {isa = PBXFileReference; lastKnownFileType = file.storyboard; name = Base; path = Base.lproj/Main.storyboard; sourceTree = "<group>"; };
		BA80E856204CEA58003D8048 /* Assets.xcassets */ = {isa = PBXFileReference; lastKnownFileType = folder.assetcatalog; path = Assets.xcassets; sourceTree = "<group>"; };
		BA80E859204CEA58003D8048 /* Base */ = {isa = PBXFileReference; lastKnownFileType = file.storyboard; name = Base; path = Base.lproj/LaunchScreen.storyboard; sourceTree = "<group>"; };
		BA80E85B204CEA58003D8048 /* Info.plist */ = {isa = PBXFileReference; lastKnownFileType = text.plist.xml; path = Info.plist; sourceTree = "<group>"; };
		BA80E86B204CFCFF003D8048 /* Login.storyboard */ = {isa = PBXFileReference; lastKnownFileType = file.storyboard; path = Login.storyboard; sourceTree = "<group>"; };
		BA80E86F204D08C7003D8048 /* LoginViewController.swift */ = {isa = PBXFileReference; lastKnownFileType = sourcecode.swift; path = LoginViewController.swift; sourceTree = "<group>"; };
		BA80E871204D0B63003D8048 /* GoogleService-Info.plist */ = {isa = PBXFileReference; fileEncoding = 4; lastKnownFileType = text.plist.xml; path = "GoogleService-Info.plist"; sourceTree = "<group>"; };
/* End PBXFileReference section */

/* Begin PBXFrameworksBuildPhase section */
		BA80E849204CEA57003D8048 /* Frameworks */ = {
			isa = PBXFrameworksBuildPhase;
			buildActionMask = 2147483647;
			files = (
				7BA1E016EF714D7AAEF872E2 /* Pods_LookOut.framework in Frameworks */,
			);
			runOnlyForDeploymentPostprocessing = 0;
		};
/* End PBXFrameworksBuildPhase section */

/* Begin PBXGroup section */
		4DA887111A46FC63E03F7D28 /* Pods */ = {
			isa = PBXGroup;
			children = (
				5A45200B78EDDC86AED9B0D4 /* Pods-LookOut.debug.xcconfig */,
				A5C545F7C56E6CCA9BEF10FB /* Pods-LookOut.release.xcconfig */,
			);
			name = Pods;
			sourceTree = "<group>";
		};
		BA80E843204CEA57003D8048 = {
			isa = PBXGroup;
			children = (
				BA80E84E204CEA58003D8048 /* LookOut */,
				BA80E84D204CEA58003D8048 /* Products */,
				4DA887111A46FC63E03F7D28 /* Pods */,
				DD94805CFF2C3BD4AE03490C /* Frameworks */,
			);
			sourceTree = "<group>";
		};
		BA80E84D204CEA58003D8048 /* Products */ = {
			isa = PBXGroup;
			children = (
				BA80E84C204CEA58003D8048 /* LookOut.app */,
			);
			name = Products;
			sourceTree = "<group>";
		};
		BA80E84E204CEA58003D8048 /* LookOut */ = {
			isa = PBXGroup;
			children = (
				BA80E84F204CEA58003D8048 /* AppDelegate.swift */,
				BA80E86A204CF49D003D8048 /* Views */,
				BA80E869204CF466003D8048 /* Supporting */,
				BA80E868204CF44E003D8048 /* Storyboards */,
				BA80E867204CF432003D8048 /* Services */,
				BA80E866204CF41C003D8048 /* Models */,
				BA80E865204CF409003D8048 /* Helpers */,
				BA80E864204CF394003D8048 /* Extensions */,
				BA80E863204CF377003D8048 /* Controllers */,
				BA80E856204CEA58003D8048 /* Assets.xcassets */,
			);
			path = LookOut;
			sourceTree = "<group>";
		};
		BA80E863204CF377003D8048 /* Controllers */ = {
			isa = PBXGroup;
			children = (
				BA80E851204CEA58003D8048 /* ViewController.swift */,
				BA80E86F204D08C7003D8048 /* LoginViewController.swift */,
				BA3D7921204EF3C6000FFCA4 /* CreateUsernameViewController.swift */,
			);
			path = Controllers;
			sourceTree = "<group>";
		};
		BA80E864204CF394003D8048 /* Extensions */ = {
			isa = PBXGroup;
			children = (
			);
			path = Extensions;
			sourceTree = "<group>";
		};
		BA80E865204CF409003D8048 /* Helpers */ = {
			isa = PBXGroup;
			children = (
			);
			path = Helpers;
			sourceTree = "<group>";
		};
		BA80E866204CF41C003D8048 /* Models */ = {
			isa = PBXGroup;
			children = (
				BA37B077204D235C00F3D2D7 /* User.swift */,
			);
			path = Models;
			sourceTree = "<group>";
		};
		BA80E867204CF432003D8048 /* Services */ = {
			isa = PBXGroup;
			children = (
				BA3CFF87204F017200946A10 /* UserService.swift */,
			);
			path = Services;
			sourceTree = "<group>";
		};
		BA80E868204CF44E003D8048 /* Storyboards */ = {
			isa = PBXGroup;
			children = (
				BA80E858204CEA58003D8048 /* LaunchScreen.storyboard */,
				BA80E853204CEA58003D8048 /* Main.storyboard */,
				BA80E86B204CFCFF003D8048 /* Login.storyboard */,
			);
			path = Storyboards;
			sourceTree = "<group>";
		};
		BA80E869204CF466003D8048 /* Supporting */ = {
			isa = PBXGroup;
			children = (
				BA80E871204D0B63003D8048 /* GoogleService-Info.plist */,
				BA80E85B204CEA58003D8048 /* Info.plist */,
				BA3CFF89204F3C0200946A10 /* Constants.swift */,
			);
			path = Supporting;
			sourceTree = "<group>";
		};
		BA80E86A204CF49D003D8048 /* Views */ = {
			isa = PBXGroup;
			children = (
			);
			path = Views;
			sourceTree = "<group>";
		};
		DD94805CFF2C3BD4AE03490C /* Frameworks */ = {
			isa = PBXGroup;
			children = (
				11D59DFC5CE81B8E7DC75A89 /* Pods_LookOut.framework */,
			);
			name = Frameworks;
			sourceTree = "<group>";
		};
/* End PBXGroup section */

/* Begin PBXNativeTarget section */
		BA80E84B204CEA57003D8048 /* LookOut */ = {
			isa = PBXNativeTarget;
			buildConfigurationList = BA80E85E204CEA58003D8048 /* Build configuration list for PBXNativeTarget "LookOut" */;
			buildPhases = (
				EF30A8124E310CE025F56FFE /* [CP] Check Pods Manifest.lock */,
				BA80E848204CEA57003D8048 /* Sources */,
				BA80E849204CEA57003D8048 /* Frameworks */,
				BA80E84A204CEA57003D8048 /* Resources */,
				622B7358CFA78F27FDE31EF0 /* [CP] Embed Pods Frameworks */,
				12B15373E0D87EAFCD92A362 /* [CP] Copy Pods Resources */,
			);
			buildRules = (
			);
			dependencies = (
			);
			name = LookOut;
			productName = LookOut;
			productReference = BA80E84C204CEA58003D8048 /* LookOut.app */;
			productType = "com.apple.product-type.application";
		};
/* End PBXNativeTarget section */

/* Begin PBXProject section */
		BA80E844204CEA57003D8048 /* Project object */ = {
			isa = PBXProject;
			attributes = {
				LastSwiftUpdateCheck = 0920;
				LastUpgradeCheck = 0920;
				ORGANIZATIONNAME = Akshay;
				TargetAttributes = {
					BA80E84B204CEA57003D8048 = {
						CreatedOnToolsVersion = 9.2;
						ProvisioningStyle = Automatic;
					};
				};
			};
			buildConfigurationList = BA80E847204CEA57003D8048 /* Build configuration list for PBXProject "LookOut" */;
			compatibilityVersion = "Xcode 8.0";
			developmentRegion = en;
			hasScannedForEncodings = 0;
			knownRegions = (
				en,
				Base,
			);
			mainGroup = BA80E843204CEA57003D8048;
			productRefGroup = BA80E84D204CEA58003D8048 /* Products */;
			projectDirPath = "";
			projectRoot = "";
			targets = (
				BA80E84B204CEA57003D8048 /* LookOut */,
			);
		};
/* End PBXProject section */

/* Begin PBXResourcesBuildPhase section */
		BA80E84A204CEA57003D8048 /* Resources */ = {
			isa = PBXResourcesBuildPhase;
			buildActionMask = 2147483647;
			files = (
				BA80E86C204CFCFF003D8048 /* Login.storyboard in Resources */,
				BA80E85A204CEA58003D8048 /* LaunchScreen.storyboard in Resources */,
				BA80E872204D0B63003D8048 /* GoogleService-Info.plist in Resources */,
				BA80E857204CEA58003D8048 /* Assets.xcassets in Resources */,
				BA80E855204CEA58003D8048 /* Main.storyboard in Resources */,
			);
			runOnlyForDeploymentPostprocessing = 0;
		};
/* End PBXResourcesBuildPhase section */

/* Begin PBXShellScriptBuildPhase section */
		12B15373E0D87EAFCD92A362 /* [CP] Copy Pods Resources */ = {
			isa = PBXShellScriptBuildPhase;
			buildActionMask = 2147483647;
			files = (
			);
			inputPaths = (
				"${SRCROOT}/Pods/Target Support Files/Pods-LookOut/Pods-LookOut-resources.sh",
				"${PODS_CONFIGURATION_BUILD_DIR}/FirebaseUI/FirebaseAuthUI.bundle",
			);
			name = "[CP] Copy Pods Resources";
			outputPaths = (
				"${TARGET_BUILD_DIR}/${UNLOCALIZED_RESOURCES_FOLDER_PATH}/FirebaseAuthUI.bundle",
			);
			runOnlyForDeploymentPostprocessing = 0;
			shellPath = /bin/sh;
			shellScript = "\"${SRCROOT}/Pods/Target Support Files/Pods-LookOut/Pods-LookOut-resources.sh\"\n";
			showEnvVarsInLog = 0;
		};
		622B7358CFA78F27FDE31EF0 /* [CP] Embed Pods Frameworks */ = {
			isa = PBXShellScriptBuildPhase;
			buildActionMask = 2147483647;
			files = (
			);
			inputPaths = (
				"${SRCROOT}/Pods/Target Support Files/Pods-LookOut/Pods-LookOut-frameworks.sh",
				"${BUILT_PRODUCTS_DIR}/GTMSessionFetcher/GTMSessionFetcher.framework",
				"${BUILT_PRODUCTS_DIR}/GoogleToolboxForMac/GoogleToolboxForMac.framework",
				"${BUILT_PRODUCTS_DIR}/leveldb-library/leveldb.framework",
				"${BUILT_PRODUCTS_DIR}/nanopb/nanopb.framework",
			);
			name = "[CP] Embed Pods Frameworks";
			outputPaths = (
				"${TARGET_BUILD_DIR}/${FRAMEWORKS_FOLDER_PATH}/GTMSessionFetcher.framework",
				"${TARGET_BUILD_DIR}/${FRAMEWORKS_FOLDER_PATH}/GoogleToolboxForMac.framework",
				"${TARGET_BUILD_DIR}/${FRAMEWORKS_FOLDER_PATH}/leveldb.framework",
				"${TARGET_BUILD_DIR}/${FRAMEWORKS_FOLDER_PATH}/nanopb.framework",
			);
			runOnlyForDeploymentPostprocessing = 0;
			shellPath = /bin/sh;
			shellScript = "\"${SRCROOT}/Pods/Target Support Files/Pods-LookOut/Pods-LookOut-frameworks.sh\"\n";
			showEnvVarsInLog = 0;
		};
		EF30A8124E310CE025F56FFE /* [CP] Check Pods Manifest.lock */ = {
			isa = PBXShellScriptBuildPhase;
			buildActionMask = 2147483647;
			files = (
			);
			inputPaths = (
				"${PODS_PODFILE_DIR_PATH}/Podfile.lock",
				"${PODS_ROOT}/Manifest.lock",
			);
			name = "[CP] Check Pods Manifest.lock";
			outputPaths = (
				"$(DERIVED_FILE_DIR)/Pods-LookOut-checkManifestLockResult.txt",
			);
			runOnlyForDeploymentPostprocessing = 0;
			shellPath = /bin/sh;
			shellScript = "diff \"${PODS_PODFILE_DIR_PATH}/Podfile.lock\" \"${PODS_ROOT}/Manifest.lock\" > /dev/null\nif [ $? != 0 ] ; then\n    # print error to STDERR\n    echo \"error: The sandbox is not in sync with the Podfile.lock. Run 'pod install' or update your CocoaPods installation.\" >&2\n    exit 1\nfi\n# This output is used by Xcode 'outputs' to avoid re-running this script phase.\necho \"SUCCESS\" > \"${SCRIPT_OUTPUT_FILE_0}\"\n";
			showEnvVarsInLog = 0;
		};
/* End PBXShellScriptBuildPhase section */

/* Begin PBXSourcesBuildPhase section */
		BA80E848204CEA57003D8048 /* Sources */ = {
			isa = PBXSourcesBuildPhase;
			buildActionMask = 2147483647;
			files = (
				BA37B078204D235C00F3D2D7 /* User.swift in Sources */,
				BA80E870204D08C7003D8048 /* LoginViewController.swift in Sources */,
				BA3CFF88204F017200946A10 /* UserService.swift in Sources */,
				BA80E852204CEA58003D8048 /* ViewController.swift in Sources */,
				BA3CFF8A204F3C0200946A10 /* Constants.swift in Sources */,
				BA3D7922204EF3C6000FFCA4 /* CreateUsernameViewController.swift in Sources */,
				BA80E850204CEA58003D8048 /* AppDelegate.swift in Sources */,
			);
			runOnlyForDeploymentPostprocessing = 0;
		};
/* End PBXSourcesBuildPhase section */

/* Begin PBXVariantGroup section */
		BA80E853204CEA58003D8048 /* Main.storyboard */ = {
			isa = PBXVariantGroup;
			children = (
				BA80E854204CEA58003D8048 /* Base */,
			);
			name = Main.storyboard;
			sourceTree = "<group>";
		};
		BA80E858204CEA58003D8048 /* LaunchScreen.storyboard */ = {
			isa = PBXVariantGroup;
			children = (
				BA80E859204CEA58003D8048 /* Base */,
			);
			name = LaunchScreen.storyboard;
			sourceTree = "<group>";
		};
/* End PBXVariantGroup section */

/* Begin XCBuildConfiguration section */
		BA80E85C204CEA58003D8048 /* Debug */ = {
			isa = XCBuildConfiguration;
			buildSettings = {
				ALWAYS_SEARCH_USER_PATHS = NO;
				CLANG_ANALYZER_NONNULL = YES;
				CLANG_ANALYZER_NUMBER_OBJECT_CONVERSION = YES_AGGRESSIVE;
				CLANG_CXX_LANGUAGE_STANDARD = "gnu++14";
				CLANG_CXX_LIBRARY = "libc++";
				CLANG_ENABLE_MODULES = YES;
				CLANG_ENABLE_OBJC_ARC = YES;
				CLANG_WARN_BLOCK_CAPTURE_AUTORELEASING = YES;
				CLANG_WARN_BOOL_CONVERSION = YES;
				CLANG_WARN_COMMA = YES;
				CLANG_WARN_CONSTANT_CONVERSION = YES;
				CLANG_WARN_DIRECT_OBJC_ISA_USAGE = YES_ERROR;
				CLANG_WARN_DOCUMENTATION_COMMENTS = YES;
				CLANG_WARN_EMPTY_BODY = YES;
				CLANG_WARN_ENUM_CONVERSION = YES;
				CLANG_WARN_INFINITE_RECURSION = YES;
				CLANG_WARN_INT_CONVERSION = YES;
				CLANG_WARN_NON_LITERAL_NULL_CONVERSION = YES;
				CLANG_WARN_OBJC_LITERAL_CONVERSION = YES;
				CLANG_WARN_OBJC_ROOT_CLASS = YES_ERROR;
				CLANG_WARN_RANGE_LOOP_ANALYSIS = YES;
				CLANG_WARN_STRICT_PROTOTYPES = YES;
				CLANG_WARN_SUSPICIOUS_MOVE = YES;
				CLANG_WARN_UNGUARDED_AVAILABILITY = YES_AGGRESSIVE;
				CLANG_WARN_UNREACHABLE_CODE = YES;
				CLANG_WARN__DUPLICATE_METHOD_MATCH = YES;
				CODE_SIGN_IDENTITY = "iPhone Developer";
				COPY_PHASE_STRIP = NO;
				DEBUG_INFORMATION_FORMAT = dwarf;
				ENABLE_STRICT_OBJC_MSGSEND = YES;
				ENABLE_TESTABILITY = YES;
				GCC_C_LANGUAGE_STANDARD = gnu11;
				GCC_DYNAMIC_NO_PIC = NO;
				GCC_NO_COMMON_BLOCKS = YES;
				GCC_OPTIMIZATION_LEVEL = 0;
				GCC_PREPROCESSOR_DEFINITIONS = (
					"DEBUG=1",
					"$(inherited)",
				);
				GCC_WARN_64_TO_32_BIT_CONVERSION = YES;
				GCC_WARN_ABOUT_RETURN_TYPE = YES_ERROR;
				GCC_WARN_UNDECLARED_SELECTOR = YES;
				GCC_WARN_UNINITIALIZED_AUTOS = YES_AGGRESSIVE;
				GCC_WARN_UNUSED_FUNCTION = YES;
				GCC_WARN_UNUSED_VARIABLE = YES;
				IPHONEOS_DEPLOYMENT_TARGET = 11.2;
				MTL_ENABLE_DEBUG_INFO = YES;
				ONLY_ACTIVE_ARCH = YES;
				SDKROOT = iphoneos;
				SWIFT_ACTIVE_COMPILATION_CONDITIONS = DEBUG;
				SWIFT_OPTIMIZATION_LEVEL = "-Onone";
			};
			name = Debug;
		};
		BA80E85D204CEA58003D8048 /* Release */ = {
			isa = XCBuildConfiguration;
			buildSettings = {
				ALWAYS_SEARCH_USER_PATHS = NO;
				CLANG_ANALYZER_NONNULL = YES;
				CLANG_ANALYZER_NUMBER_OBJECT_CONVERSION = YES_AGGRESSIVE;
				CLANG_CXX_LANGUAGE_STANDARD = "gnu++14";
				CLANG_CXX_LIBRARY = "libc++";
				CLANG_ENABLE_MODULES = YES;
				CLANG_ENABLE_OBJC_ARC = YES;
				CLANG_WARN_BLOCK_CAPTURE_AUTORELEASING = YES;
				CLANG_WARN_BOOL_CONVERSION = YES;
				CLANG_WARN_COMMA = YES;
				CLANG_WARN_CONSTANT_CONVERSION = YES;
				CLANG_WARN_DIRECT_OBJC_ISA_USAGE = YES_ERROR;
				CLANG_WARN_DOCUMENTATION_COMMENTS = YES;
				CLANG_WARN_EMPTY_BODY = YES;
				CLANG_WARN_ENUM_CONVERSION = YES;
				CLANG_WARN_INFINITE_RECURSION = YES;
				CLANG_WARN_INT_CONVERSION = YES;
				CLANG_WARN_NON_LITERAL_NULL_CONVERSION = YES;
				CLANG_WARN_OBJC_LITERAL_CONVERSION = YES;
				CLANG_WARN_OBJC_ROOT_CLASS = YES_ERROR;
				CLANG_WARN_RANGE_LOOP_ANALYSIS = YES;
				CLANG_WARN_STRICT_PROTOTYPES = YES;
				CLANG_WARN_SUSPICIOUS_MOVE = YES;
				CLANG_WARN_UNGUARDED_AVAILABILITY = YES_AGGRESSIVE;
				CLANG_WARN_UNREACHABLE_CODE = YES;
				CLANG_WARN__DUPLICATE_METHOD_MATCH = YES;
				CODE_SIGN_IDENTITY = "iPhone Developer";
				COPY_PHASE_STRIP = NO;
				DEBUG_INFORMATION_FORMAT = "dwarf-with-dsym";
				ENABLE_NS_ASSERTIONS = NO;
				ENABLE_STRICT_OBJC_MSGSEND = YES;
				GCC_C_LANGUAGE_STANDARD = gnu11;
				GCC_NO_COMMON_BLOCKS = YES;
				GCC_WARN_64_TO_32_BIT_CONVERSION = YES;
				GCC_WARN_ABOUT_RETURN_TYPE = YES_ERROR;
				GCC_WARN_UNDECLARED_SELECTOR = YES;
				GCC_WARN_UNINITIALIZED_AUTOS = YES_AGGRESSIVE;
				GCC_WARN_UNUSED_FUNCTION = YES;
				GCC_WARN_UNUSED_VARIABLE = YES;
				IPHONEOS_DEPLOYMENT_TARGET = 11.2;
				MTL_ENABLE_DEBUG_INFO = NO;
				SDKROOT = iphoneos;
				SWIFT_OPTIMIZATION_LEVEL = "-Owholemodule";
				VALIDATE_PRODUCT = YES;
			};
			name = Release;
		};
		BA80E85F204CEA58003D8048 /* Debug */ = {
			isa = XCBuildConfiguration;
			baseConfigurationReference = 5A45200B78EDDC86AED9B0D4 /* Pods-LookOut.debug.xcconfig */;
			buildSettings = {
				ASSETCATALOG_COMPILER_APPICON_NAME = AppIcon;
				CODE_SIGN_STYLE = Automatic;
				INFOPLIST_FILE = "$(SRCROOT)/LookOut/Supporting/Info.plist";
				LD_RUNPATH_SEARCH_PATHS = "$(inherited) @executable_path/Frameworks";
				PRODUCT_BUNDLE_IDENTIFIER = Akshay.LookOut;
				PRODUCT_NAME = "$(TARGET_NAME)";
				SWIFT_VERSION = 4.0;
				TARGETED_DEVICE_FAMILY = "1,2";
			};
			name = Debug;
		};
		BA80E860204CEA58003D8048 /* Release */ = {
			isa = XCBuildConfiguration;
			baseConfigurationReference = A5C545F7C56E6CCA9BEF10FB /* Pods-LookOut.release.xcconfig */;
			buildSettings = {
				ASSETCATALOG_COMPILER_APPICON_NAME = AppIcon;
				CODE_SIGN_STYLE = Automatic;
				INFOPLIST_FILE = "$(SRCROOT)/LookOut/Supporting/Info.plist";
				LD_RUNPATH_SEARCH_PATHS = "$(inherited) @executable_path/Frameworks";
				PRODUCT_BUNDLE_IDENTIFIER = Akshay.LookOut;
				PRODUCT_NAME = "$(TARGET_NAME)";
				SWIFT_VERSION = 4.0;
				TARGETED_DEVICE_FAMILY = "1,2";
			};
			name = Release;
		};
/* End XCBuildConfiguration section */

/* Begin XCConfigurationList section */
		BA80E847204CEA57003D8048 /* Build configuration list for PBXProject "LookOut" */ = {
			isa = XCConfigurationList;
			buildConfigurations = (
				BA80E85C204CEA58003D8048 /* Debug */,
				BA80E85D204CEA58003D8048 /* Release */,
			);
			defaultConfigurationIsVisible = 0;
			defaultConfigurationName = Release;
		};
		BA80E85E204CEA58003D8048 /* Build configuration list for PBXNativeTarget "LookOut" */ = {
			isa = XCConfigurationList;
			buildConfigurations = (
				BA80E85F204CEA58003D8048 /* Debug */,
				BA80E860204CEA58003D8048 /* Release */,
			);
			defaultConfigurationIsVisible = 0;
			defaultConfigurationName = Release;
		};
/* End XCConfigurationList section */
	};
	rootObject = BA80E844204CEA57003D8048 /* Project object */;
}
