// !$*UTF8*$!
{
	archiveVersion = 1;
	classes = {
	};
	objectVersion = 48;
	objects = {

/* Begin PBXBuildFile section */
		7BA1E016EF714D7AAEF872E2 /* Pods_LookOut.framework in Frameworks */ = {isa = PBXBuildFile; fileRef = 11D59DFC5CE81B8E7DC75A89 /* Pods_LookOut.framework */; };
		BA037E53206CA8C700D6D1B0 /* BusViewController.swift in Sources */ = {isa = PBXBuildFile; fileRef = BA037E52206CA8C700D6D1B0 /* BusViewController.swift */; };
		BA037E57206CC03300D6D1B0 /* EFImageViewZoom.swift in Sources */ = {isa = PBXBuildFile; fileRef = BA037E56206CC03300D6D1B0 /* EFImageViewZoom.swift */; };
		BA07BA992052793C0042D474 /*  LikeService.swift in Sources */ = {isa = PBXBuildFile; fileRef = BA07BA982052793C0042D474 /*  LikeService.swift */; };
		BA17E14520527E000095AAF4 /* Post.swift in Sources */ = {isa = PBXBuildFile; fileRef = BA17E14420527E000095AAF4 /* Post.swift */; };
		BA17E14720527E0A0095AAF4 /* User.swift in Sources */ = {isa = PBXBuildFile; fileRef = BA17E14620527E0A0095AAF4 /* User.swift */; };
		BA17E1492053613E0095AAF4 /* FollowService.swift in Sources */ = {isa = PBXBuildFile; fileRef = BA17E1482053613E0095AAF4 /* FollowService.swift */; };
		BA17E151205369C40095AAF4 /* FindFriendsCell.swift in Sources */ = {isa = PBXBuildFile; fileRef = BA17E150205369C40095AAF4 /* FindFriendsCell.swift */; };
		BA244EA020547BAD006F1542 /* DatabaseReference+Location.swift in Sources */ = {isa = PBXBuildFile; fileRef = BA244E9F20547BAD006F1542 /* DatabaseReference+Location.swift */; };
		BA244EA220548FA7006F1542 /* UITableView+Utility.swift in Sources */ = {isa = PBXBuildFile; fileRef = BA244EA120548FA7006F1542 /* UITableView+Utility.swift */; };
		BA244EA420549C0F006F1542 /* MGPaginationHelper.swift in Sources */ = {isa = PBXBuildFile; fileRef = BA244EA320549C0F006F1542 /* MGPaginationHelper.swift */; };
		BA3AFBD12075F2E1000B6C84 /* Chat.swift in Sources */ = {isa = PBXBuildFile; fileRef = BA3AFBD02075F2E1000B6C84 /* Chat.swift */; };
		BA3AFBD32075F417000B6C84 /* Message.swift in Sources */ = {isa = PBXBuildFile; fileRef = BA3AFBD22075F417000B6C84 /* Message.swift */; };
		BA3AFBD52075F8F3000B6C84 /* ChatService.swift in Sources */ = {isa = PBXBuildFile; fileRef = BA3AFBD42075F8F3000B6C84 /* ChatService.swift */; };
		BA3AFBDB2076046E000B6C84 /* ChatListViewController.swift in Sources */ = {isa = PBXBuildFile; fileRef = BA3AFBDA2076046E000B6C84 /* ChatListViewController.swift */; };
		BA3AFBDD2076048F000B6C84 /* NewChatViewController.swift in Sources */ = {isa = PBXBuildFile; fileRef = BA3AFBDC2076048F000B6C84 /* NewChatViewController.swift */; };
		BA3AFBDF207604AF000B6C84 /* ChatViewController.swift in Sources */ = {isa = PBXBuildFile; fileRef = BA3AFBDE207604AF000B6C84 /* ChatViewController.swift */; };
		BA3AFBE1207606E4000B6C84 /* Chat.storyboard in Resources */ = {isa = PBXBuildFile; fileRef = BA3AFBE0207606E4000B6C84 /* Chat.storyboard */; };
		BA3CFF88204F017200946A10 /* UserService.swift in Sources */ = {isa = PBXBuildFile; fileRef = BA3CFF87204F017200946A10 /* UserService.swift */; };
		BA3CFF8A204F3C0200946A10 /* Constants.swift in Sources */ = {isa = PBXBuildFile; fileRef = BA3CFF89204F3C0200946A10 /* Constants.swift */; };
		BA3CFF8C204F598500946A10 /* Storyboard+Utility.swift in Sources */ = {isa = PBXBuildFile; fileRef = BA3CFF8B204F598500946A10 /* Storyboard+Utility.swift */; };
		BA3CFF8E204F69D200946A10 /* HomeViewController.swift in Sources */ = {isa = PBXBuildFile; fileRef = BA3CFF8D204F69D200946A10 /* HomeViewController.swift */; };
		BA3CFF90204F69F300946A10 /* FindFriendsViewController.swift in Sources */ = {isa = PBXBuildFile; fileRef = BA3CFF8F204F69F300946A10 /* FindFriendsViewController.swift */; };
		BA3CFF92204F942800946A10 /* MainTabBarController.swift in Sources */ = {isa = PBXBuildFile; fileRef = BA3CFF91204F942800946A10 /* MainTabBarController.swift */; };
		BA3CFF96204F9B5000946A10 /* PhotoHelper.swift in Sources */ = {isa = PBXBuildFile; fileRef = BA3CFF95204F9B5000946A10 /* PhotoHelper.swift */; };
		BA3CFF98204FBBC500946A10 /*  StorageService.swift in Sources */ = {isa = PBXBuildFile; fileRef = BA3CFF97204FBBC500946A10 /*  StorageService.swift */; };
		BA3CFF9A204FBCE600946A10 /* PostService.swift in Sources */ = {isa = PBXBuildFile; fileRef = BA3CFF99204FBCE600946A10 /* PostService.swift */; };
		BA3D7922204EF3C6000FFCA4 /* CreateUsernameViewController.swift in Sources */ = {isa = PBXBuildFile; fileRef = BA3D7921204EF3C6000FFCA4 /* CreateUsernameViewController.swift */; };
		BA4A02BE208C50650066B61A /* NewsViewController.swift in Sources */ = {isa = PBXBuildFile; fileRef = BA4A02BD208C50650066B61A /* NewsViewController.swift */; };
		BA4A02C2208C51220066B61A /* News.storyboard in Resources */ = {isa = PBXBuildFile; fileRef = BA4A02C1208C51220066B61A /* News.storyboard */; };
		BA6C8D6220915DA000FA328D /* MarkerInfoView.swift in Sources */ = {isa = PBXBuildFile; fileRef = BA6C8D5D20915DA000FA328D /* MarkerInfoView.swift */; };
		BA6C8D6320915DA000FA328D /* MarkerInfoView.xib in Resources */ = {isa = PBXBuildFile; fileRef = BA6C8D6020915DA000FA328D /* MarkerInfoView.xib */; };
		BA6C8D6420915DA000FA328D /* UIViewExtension.swift in Sources */ = {isa = PBXBuildFile; fileRef = BA6C8D6120915DA000FA328D /* UIViewExtension.swift */; };
		BA6C8D6720915DC600FA328D /* GooglePlace.swift in Sources */ = {isa = PBXBuildFile; fileRef = BA6C8D6520915DC500FA328D /* GooglePlace.swift */; };
		BA6C8D6820915DC600FA328D /* GoogleDataProvider.swift in Sources */ = {isa = PBXBuildFile; fileRef = BA6C8D6620915DC600FA328D /* GoogleDataProvider.swift */; };
		BA6C8D6B20915DE000FA328D /* TypesTableViewController.swift in Sources */ = {isa = PBXBuildFile; fileRef = BA6C8D6920915DDF00FA328D /* TypesTableViewController.swift */; };
		BA6C8D6C20915DE000FA328D /* MapViewController.swift in Sources */ = {isa = PBXBuildFile; fileRef = BA6C8D6A20915DE000FA328D /* MapViewController.swift */; };
		BA6C8D7620918B9200FA328D /* PlaceMarker.swift in Sources */ = {isa = PBXBuildFile; fileRef = BA6C8D7520918B9200FA328D /* PlaceMarker.swift */; };
		BA6F94092060A734006BD89A /* WeatherViewController.swift in Sources */ = {isa = PBXBuildFile; fileRef = BA6F94082060A734006BD89A /* WeatherViewController.swift */; };
		BA6F94172060C388006BD89A /* Weather.swift in Sources */ = {isa = PBXBuildFile; fileRef = BA6F94162060C388006BD89A /* Weather.swift */; };
		BA730F182096C04F00B74B69 /* YouTube.storyboard in Resources */ = {isa = PBXBuildFile; fileRef = BA730F172096C04F00B74B69 /* YouTube.storyboard */; };
		BA730F1C2096C08B00B74B69 /* Maps.storyboard in Resources */ = {isa = PBXBuildFile; fileRef = BA730F1B2096C08B00B74B69 /* Maps.storyboard */; };
		BA80DAD22051FD9D00404DFF /* Home.storyboard in Resources */ = {isa = PBXBuildFile; fileRef = BA80DAD12051FD9D00404DFF /* Home.storyboard */; };
		BA80DAD420520EAC00404DFF /* PostImageCell.swift in Sources */ = {isa = PBXBuildFile; fileRef = BA80DAD320520EAC00404DFF /* PostImageCell.swift */; };
		BA80DAD82052276100404DFF /* PostHeaderCell.swift in Sources */ = {isa = PBXBuildFile; fileRef = BA80DAD72052276100404DFF /* PostHeaderCell.swift */; };
		BA80DADC2052552B00404DFF /* PostActionCell.swift in Sources */ = {isa = PBXBuildFile; fileRef = BA80DADB2052552B00404DFF /* PostActionCell.swift */; };
		BA80E850204CEA58003D8048 /* AppDelegate.swift in Sources */ = {isa = PBXBuildFile; fileRef = BA80E84F204CEA58003D8048 /* AppDelegate.swift */; };
		BA80E855204CEA58003D8048 /* Main.storyboard in Resources */ = {isa = PBXBuildFile; fileRef = BA80E853204CEA58003D8048 /* Main.storyboard */; };
		BA80E857204CEA58003D8048 /* Assets.xcassets in Resources */ = {isa = PBXBuildFile; fileRef = BA80E856204CEA58003D8048 /* Assets.xcassets */; };
		BA80E85A204CEA58003D8048 /* LaunchScreen.storyboard in Resources */ = {isa = PBXBuildFile; fileRef = BA80E858204CEA58003D8048 /* LaunchScreen.storyboard */; };
		BA80E86C204CFCFF003D8048 /* Login.storyboard in Resources */ = {isa = PBXBuildFile; fileRef = BA80E86B204CFCFF003D8048 /* Login.storyboard */; };
		BA80E870204D08C7003D8048 /* LoginViewController.swift in Sources */ = {isa = PBXBuildFile; fileRef = BA80E86F204D08C7003D8048 /* LoginViewController.swift */; };
		BA80E872204D0B63003D8048 /* GoogleService-Info.plist in Resources */ = {isa = PBXBuildFile; fileRef = BA80E871204D0B63003D8048 /* GoogleService-Info.plist */; };
		BAA748AD20954D7500D5E075 /* VideoViewController.swift in Sources */ = {isa = PBXBuildFile; fileRef = BAA748AC20954D7500D5E075 /* VideoViewController.swift */; };
		BAA9722C205119A900E0BC35 /* UIImage+Size.swift in Sources */ = {isa = PBXBuildFile; fileRef = BAA9722B205119A900E0BC35 /* UIImage+Size.swift */; };
		BAA9722E20511A5900E0BC35 /* StorageReference+Post.swift in Sources */ = {isa = PBXBuildFile; fileRef = BAA9722D20511A5900E0BC35 /* StorageReference+Post.swift */; };
		BAADD8A72089B92E0005258F /* CustomAuthView.swift in Sources */ = {isa = PBXBuildFile; fileRef = BAADD8A62089B92E0005258F /* CustomAuthView.swift */; };
		BABFAEB62076DB4A008A2869 /* ChatListCell.swift in Sources */ = {isa = PBXBuildFile; fileRef = BABFAEB52076DB4A008A2869 /* ChatListCell.swift */; };
		BABFAEB82076EAFA008A2869 /* NewChatUserCell.swift in Sources */ = {isa = PBXBuildFile; fileRef = BABFAEB72076EAFA008A2869 /* NewChatUserCell.swift */; };
		BAC458C32064D0A8000C4194 /* MoreViewController.swift in Sources */ = {isa = PBXBuildFile; fileRef = BAC458C22064D0A8000C4194 /* MoreViewController.swift */; };
		BAC458C52064D730000C4194 /* More.storyboard in Resources */ = {isa = PBXBuildFile; fileRef = BAC458C42064D730000C4194 /* More.storyboard */; };
		BADB8EA2208B08A4006FDD6C /* ProfileViewController.swift in Sources */ = {isa = PBXBuildFile; fileRef = BADB8EA1208B08A4006FDD6C /* ProfileViewController.swift */; };
		BADB8EAA208B0FC8006FDD6C /* Profile.storyboard in Resources */ = {isa = PBXBuildFile; fileRef = BADB8EA9208B0FC8006FDD6C /* Profile.storyboard */; };
		BAE2E0D620621B3F003F52BA /* APIClient.swift in Sources */ = {isa = PBXBuildFile; fileRef = BAE2E0D520621B3F003F52BA /* APIClient.swift */; };
		BAE2E0D820622195003F52BA /* Endpoint.swift in Sources */ = {isa = PBXBuildFile; fileRef = BAE2E0D720622195003F52BA /* Endpoint.swift */; };
		BAE2E0DA206229CB003F52BA /* WeatherAPIClient.swift in Sources */ = {isa = PBXBuildFile; fileRef = BAE2E0D9206229CB003F52BA /* WeatherAPIClient.swift */; };
		BAE2E0DC206232F5003F52BA /* WeatherCellView.swift in Sources */ = {isa = PBXBuildFile; fileRef = BAE2E0DB206232F5003F52BA /* WeatherCellView.swift */; };
		BAF185442074960400F726BC /* ContactViewController.swift in Sources */ = {isa = PBXBuildFile; fileRef = BAF185432074960400F726BC /* ContactViewController.swift */; };
		BAF185462074970400F726BC /* Contacts.storyboard in Resources */ = {isa = PBXBuildFile; fileRef = BAF185452074970400F726BC /* Contacts.storyboard */; };
/* End PBXBuildFile section */

/* Begin PBXContainerItemProxy section */
		BABFAECD20772866008A2869 /* PBXContainerItemProxy */ = {
			isa = PBXContainerItemProxy;
			containerPortal = BABFAEC820772865008A2869 /* JSQMessages.xcodeproj */;
			proxyType = 2;
			remoteGlobalIDString = 88A25F0219D8DEC400924534;
			remoteInfo = JSQMessages;
		};
		BABFAECF20772866008A2869 /* PBXContainerItemProxy */ = {
			isa = PBXContainerItemProxy;
			containerPortal = BABFAEC820772865008A2869 /* JSQMessages.xcodeproj */;
			proxyType = 2;
			remoteGlobalIDString = 88A25F1B19D8DEC500924534;
			remoteInfo = JSQMessagesTests;
		};
/* End PBXContainerItemProxy section */

/* Begin PBXFileReference section */
		11D59DFC5CE81B8E7DC75A89 /* Pods_LookOut.framework */ = {isa = PBXFileReference; explicitFileType = wrapper.framework; includeInIndex = 0; path = Pods_LookOut.framework; sourceTree = BUILT_PRODUCTS_DIR; };
		5A45200B78EDDC86AED9B0D4 /* Pods-LookOut.debug.xcconfig */ = {isa = PBXFileReference; includeInIndex = 1; lastKnownFileType = text.xcconfig; name = "Pods-LookOut.debug.xcconfig"; path = "Pods/Target Support Files/Pods-LookOut/Pods-LookOut.debug.xcconfig"; sourceTree = "<group>"; };
		A5C545F7C56E6CCA9BEF10FB /* Pods-LookOut.release.xcconfig */ = {isa = PBXFileReference; includeInIndex = 1; lastKnownFileType = text.xcconfig; name = "Pods-LookOut.release.xcconfig"; path = "Pods/Target Support Files/Pods-LookOut/Pods-LookOut.release.xcconfig"; sourceTree = "<group>"; };
		BA037E52206CA8C700D6D1B0 /* BusViewController.swift */ = {isa = PBXFileReference; lastKnownFileType = sourcecode.swift; path = BusViewController.swift; sourceTree = "<group>"; };
		BA037E56206CC03300D6D1B0 /* EFImageViewZoom.swift */ = {isa = PBXFileReference; fileEncoding = 4; lastKnownFileType = sourcecode.swift; path = EFImageViewZoom.swift; sourceTree = "<group>"; };
		BA07BA982052793C0042D474 /*  LikeService.swift */ = {isa = PBXFileReference; lastKnownFileType = sourcecode.swift; path = " LikeService.swift"; sourceTree = "<group>"; };
		BA17E14420527E000095AAF4 /* Post.swift */ = {isa = PBXFileReference; fileEncoding = 4; lastKnownFileType = sourcecode.swift; path = Post.swift; sourceTree = "<group>"; };
		BA17E14620527E0A0095AAF4 /* User.swift */ = {isa = PBXFileReference; fileEncoding = 4; lastKnownFileType = sourcecode.swift; path = User.swift; sourceTree = "<group>"; };
		BA17E1482053613E0095AAF4 /* FollowService.swift */ = {isa = PBXFileReference; lastKnownFileType = sourcecode.swift; path = FollowService.swift; sourceTree = "<group>"; };
		BA17E150205369C40095AAF4 /* FindFriendsCell.swift */ = {isa = PBXFileReference; lastKnownFileType = sourcecode.swift; path = FindFriendsCell.swift; sourceTree = "<group>"; };
		BA244E9F20547BAD006F1542 /* DatabaseReference+Location.swift */ = {isa = PBXFileReference; lastKnownFileType = sourcecode.swift; path = "DatabaseReference+Location.swift"; sourceTree = "<group>"; };
		BA244EA120548FA7006F1542 /* UITableView+Utility.swift */ = {isa = PBXFileReference; lastKnownFileType = sourcecode.swift; path = "UITableView+Utility.swift"; sourceTree = "<group>"; };
		BA244EA320549C0F006F1542 /* MGPaginationHelper.swift */ = {isa = PBXFileReference; lastKnownFileType = sourcecode.swift; path = MGPaginationHelper.swift; sourceTree = "<group>"; };
		BA3AFBD02075F2E1000B6C84 /* Chat.swift */ = {isa = PBXFileReference; lastKnownFileType = sourcecode.swift; path = Chat.swift; sourceTree = "<group>"; };
		BA3AFBD22075F417000B6C84 /* Message.swift */ = {isa = PBXFileReference; lastKnownFileType = sourcecode.swift; path = Message.swift; sourceTree = "<group>"; };
		BA3AFBD42075F8F3000B6C84 /* ChatService.swift */ = {isa = PBXFileReference; lastKnownFileType = sourcecode.swift; path = ChatService.swift; sourceTree = "<group>"; };
		BA3AFBDA2076046E000B6C84 /* ChatListViewController.swift */ = {isa = PBXFileReference; lastKnownFileType = sourcecode.swift; path = ChatListViewController.swift; sourceTree = "<group>"; };
		BA3AFBDC2076048F000B6C84 /* NewChatViewController.swift */ = {isa = PBXFileReference; lastKnownFileType = sourcecode.swift; path = NewChatViewController.swift; sourceTree = "<group>"; };
		BA3AFBDE207604AF000B6C84 /* ChatViewController.swift */ = {isa = PBXFileReference; lastKnownFileType = sourcecode.swift; path = ChatViewController.swift; sourceTree = "<group>"; };
		BA3AFBE0207606E4000B6C84 /* Chat.storyboard */ = {isa = PBXFileReference; fileEncoding = 4; lastKnownFileType = file.storyboard; path = Chat.storyboard; sourceTree = "<group>"; };
		BA3CFF87204F017200946A10 /* UserService.swift */ = {isa = PBXFileReference; lastKnownFileType = sourcecode.swift; path = UserService.swift; sourceTree = "<group>"; };
		BA3CFF89204F3C0200946A10 /* Constants.swift */ = {isa = PBXFileReference; lastKnownFileType = sourcecode.swift; path = Constants.swift; sourceTree = "<group>"; };
		BA3CFF8B204F598500946A10 /* Storyboard+Utility.swift */ = {isa = PBXFileReference; lastKnownFileType = sourcecode.swift; path = "Storyboard+Utility.swift"; sourceTree = "<group>"; };
		BA3CFF8D204F69D200946A10 /* HomeViewController.swift */ = {isa = PBXFileReference; lastKnownFileType = sourcecode.swift; path = HomeViewController.swift; sourceTree = "<group>"; };
		BA3CFF8F204F69F300946A10 /* FindFriendsViewController.swift */ = {isa = PBXFileReference; lastKnownFileType = sourcecode.swift; path = FindFriendsViewController.swift; sourceTree = "<group>"; };
		BA3CFF91204F942800946A10 /* MainTabBarController.swift */ = {isa = PBXFileReference; lastKnownFileType = sourcecode.swift; path = MainTabBarController.swift; sourceTree = "<group>"; };
		BA3CFF95204F9B5000946A10 /* PhotoHelper.swift */ = {isa = PBXFileReference; lastKnownFileType = sourcecode.swift; path = PhotoHelper.swift; sourceTree = "<group>"; };
		BA3CFF97204FBBC500946A10 /*  StorageService.swift */ = {isa = PBXFileReference; lastKnownFileType = sourcecode.swift; path = " StorageService.swift"; sourceTree = "<group>"; };
		BA3CFF99204FBCE600946A10 /* PostService.swift */ = {isa = PBXFileReference; lastKnownFileType = sourcecode.swift; path = PostService.swift; sourceTree = "<group>"; };
		BA3D7921204EF3C6000FFCA4 /* CreateUsernameViewController.swift */ = {isa = PBXFileReference; lastKnownFileType = sourcecode.swift; path = CreateUsernameViewController.swift; sourceTree = "<group>"; };
		BA4A02BD208C50650066B61A /* NewsViewController.swift */ = {isa = PBXFileReference; lastKnownFileType = sourcecode.swift; path = NewsViewController.swift; sourceTree = "<group>"; };
		BA4A02C1208C51220066B61A /* News.storyboard */ = {isa = PBXFileReference; fileEncoding = 4; lastKnownFileType = file.storyboard; path = News.storyboard; sourceTree = "<group>"; };
		BA6C8D5D20915DA000FA328D /* MarkerInfoView.swift */ = {isa = PBXFileReference; fileEncoding = 4; lastKnownFileType = sourcecode.swift; path = MarkerInfoView.swift; sourceTree = "<group>"; };
		BA6C8D6020915DA000FA328D /* MarkerInfoView.xib */ = {isa = PBXFileReference; fileEncoding = 4; lastKnownFileType = file.xib; path = MarkerInfoView.xib; sourceTree = "<group>"; };
		BA6C8D6120915DA000FA328D /* UIViewExtension.swift */ = {isa = PBXFileReference; fileEncoding = 4; lastKnownFileType = sourcecode.swift; path = UIViewExtension.swift; sourceTree = "<group>"; };
		BA6C8D6520915DC500FA328D /* GooglePlace.swift */ = {isa = PBXFileReference; fileEncoding = 4; lastKnownFileType = sourcecode.swift; path = GooglePlace.swift; sourceTree = "<group>"; };
		BA6C8D6620915DC600FA328D /* GoogleDataProvider.swift */ = {isa = PBXFileReference; fileEncoding = 4; lastKnownFileType = sourcecode.swift; path = GoogleDataProvider.swift; sourceTree = "<group>"; };
		BA6C8D6920915DDF00FA328D /* TypesTableViewController.swift */ = {isa = PBXFileReference; fileEncoding = 4; lastKnownFileType = sourcecode.swift; path = TypesTableViewController.swift; sourceTree = "<group>"; };
		BA6C8D6A20915DE000FA328D /* MapViewController.swift */ = {isa = PBXFileReference; fileEncoding = 4; lastKnownFileType = sourcecode.swift; path = MapViewController.swift; sourceTree = "<group>"; };
		BA6C8D7520918B9200FA328D /* PlaceMarker.swift */ = {isa = PBXFileReference; lastKnownFileType = sourcecode.swift; path = PlaceMarker.swift; sourceTree = "<group>"; };
		BA6F94082060A734006BD89A /* WeatherViewController.swift */ = {isa = PBXFileReference; lastKnownFileType = sourcecode.swift; path = WeatherViewController.swift; sourceTree = "<group>"; };
		BA6F94162060C388006BD89A /* Weather.swift */ = {isa = PBXFileReference; lastKnownFileType = sourcecode.swift; path = Weather.swift; sourceTree = "<group>"; };
		BA730F172096C04F00B74B69 /* YouTube.storyboard */ = {isa = PBXFileReference; fileEncoding = 4; lastKnownFileType = file.storyboard; path = YouTube.storyboard; sourceTree = "<group>"; };
		BA730F1B2096C08B00B74B69 /* Maps.storyboard */ = {isa = PBXFileReference; fileEncoding = 4; lastKnownFileType = file.storyboard; path = Maps.storyboard; sourceTree = "<group>"; };
		BA80DAD12051FD9D00404DFF /* Home.storyboard */ = {isa = PBXFileReference; fileEncoding = 4; lastKnownFileType = file.storyboard; path = Home.storyboard; sourceTree = "<group>"; };
		BA80DAD320520EAC00404DFF /* PostImageCell.swift */ = {isa = PBXFileReference; lastKnownFileType = sourcecode.swift; path = PostImageCell.swift; sourceTree = "<group>"; };
		BA80DAD72052276100404DFF /* PostHeaderCell.swift */ = {isa = PBXFileReference; lastKnownFileType = sourcecode.swift; path = PostHeaderCell.swift; sourceTree = "<group>"; };
		BA80DADB2052552B00404DFF /* PostActionCell.swift */ = {isa = PBXFileReference; lastKnownFileType = sourcecode.swift; path = PostActionCell.swift; sourceTree = "<group>"; };
		BA80E84C204CEA58003D8048 /* LookOut.app */ = {isa = PBXFileReference; explicitFileType = wrapper.application; includeInIndex = 0; path = LookOut.app; sourceTree = BUILT_PRODUCTS_DIR; };
		BA80E84F204CEA58003D8048 /* AppDelegate.swift */ = {isa = PBXFileReference; lastKnownFileType = sourcecode.swift; path = AppDelegate.swift; sourceTree = "<group>"; };
		BA80E854204CEA58003D8048 /* Base */ = {isa = PBXFileReference; lastKnownFileType = file.storyboard; name = Base; path = Base.lproj/Main.storyboard; sourceTree = "<group>"; };
		BA80E856204CEA58003D8048 /* Assets.xcassets */ = {isa = PBXFileReference; lastKnownFileType = folder.assetcatalog; path = Assets.xcassets; sourceTree = "<group>"; };
		BA80E859204CEA58003D8048 /* Base */ = {isa = PBXFileReference; lastKnownFileType = file.storyboard; name = Base; path = Base.lproj/LaunchScreen.storyboard; sourceTree = "<group>"; };
		BA80E85B204CEA58003D8048 /* Info.plist */ = {isa = PBXFileReference; lastKnownFileType = text.plist.xml; path = Info.plist; sourceTree = "<group>"; };
		BA80E86B204CFCFF003D8048 /* Login.storyboard */ = {isa = PBXFileReference; lastKnownFileType = file.storyboard; path = Login.storyboard; sourceTree = "<group>"; };
		BA80E86F204D08C7003D8048 /* LoginViewController.swift */ = {isa = PBXFileReference; lastKnownFileType = sourcecode.swift; path = LoginViewController.swift; sourceTree = "<group>"; };
		BA80E871204D0B63003D8048 /* GoogleService-Info.plist */ = {isa = PBXFileReference; fileEncoding = 4; lastKnownFileType = text.plist.xml; path = "GoogleService-Info.plist"; sourceTree = "<group>"; };
		BAA748AC20954D7500D5E075 /* VideoViewController.swift */ = {isa = PBXFileReference; lastKnownFileType = sourcecode.swift; path = VideoViewController.swift; sourceTree = "<group>"; };
		BAA9722B205119A900E0BC35 /* UIImage+Size.swift */ = {isa = PBXFileReference; lastKnownFileType = sourcecode.swift; path = "UIImage+Size.swift"; sourceTree = "<group>"; };
		BAA9722D20511A5900E0BC35 /* StorageReference+Post.swift */ = {isa = PBXFileReference; lastKnownFileType = sourcecode.swift; path = "StorageReference+Post.swift"; sourceTree = "<group>"; };
		BAADD8A62089B92E0005258F /* CustomAuthView.swift */ = {isa = PBXFileReference; lastKnownFileType = sourcecode.swift; path = CustomAuthView.swift; sourceTree = "<group>"; };
		BABFAEB52076DB4A008A2869 /* ChatListCell.swift */ = {isa = PBXFileReference; lastKnownFileType = sourcecode.swift; path = ChatListCell.swift; sourceTree = "<group>"; };
		BABFAEB72076EAFA008A2869 /* NewChatUserCell.swift */ = {isa = PBXFileReference; lastKnownFileType = sourcecode.swift; path = NewChatUserCell.swift; sourceTree = "<group>"; };
		BABFAEC820772865008A2869 /* JSQMessages.xcodeproj */ = {isa = PBXFileReference; lastKnownFileType = "wrapper.pb-project"; name = JSQMessages.xcodeproj; path = JSQMessagesViewController/JSQMessages.xcodeproj; sourceTree = "<group>"; };
		BAC458C22064D0A8000C4194 /* MoreViewController.swift */ = {isa = PBXFileReference; lastKnownFileType = sourcecode.swift; path = MoreViewController.swift; sourceTree = "<group>"; };
		BAC458C42064D730000C4194 /* More.storyboard */ = {isa = PBXFileReference; fileEncoding = 4; lastKnownFileType = file.storyboard; path = More.storyboard; sourceTree = "<group>"; };
		BADB8EA1208B08A4006FDD6C /* ProfileViewController.swift */ = {isa = PBXFileReference; lastKnownFileType = sourcecode.swift; path = ProfileViewController.swift; sourceTree = "<group>"; };
		BADB8EA9208B0FC8006FDD6C /* Profile.storyboard */ = {isa = PBXFileReference; fileEncoding = 4; lastKnownFileType = file.storyboard; path = Profile.storyboard; sourceTree = "<group>"; };
		BAE2E0D520621B3F003F52BA /* APIClient.swift */ = {isa = PBXFileReference; lastKnownFileType = sourcecode.swift; path = APIClient.swift; sourceTree = "<group>"; };
		BAE2E0D720622195003F52BA /* Endpoint.swift */ = {isa = PBXFileReference; lastKnownFileType = sourcecode.swift; path = Endpoint.swift; sourceTree = "<group>"; };
		BAE2E0D9206229CB003F52BA /* WeatherAPIClient.swift */ = {isa = PBXFileReference; lastKnownFileType = sourcecode.swift; path = WeatherAPIClient.swift; sourceTree = "<group>"; };
		BAE2E0DB206232F5003F52BA /* WeatherCellView.swift */ = {isa = PBXFileReference; lastKnownFileType = sourcecode.swift; path = WeatherCellView.swift; sourceTree = "<group>"; };
		BAF185432074960400F726BC /* ContactViewController.swift */ = {isa = PBXFileReference; lastKnownFileType = sourcecode.swift; path = ContactViewController.swift; sourceTree = "<group>"; };
		BAF185452074970400F726BC /* Contacts.storyboard */ = {isa = PBXFileReference; fileEncoding = 4; lastKnownFileType = file.storyboard; path = Contacts.storyboard; sourceTree = "<group>"; };
/* End PBXFileReference section */

/* Begin PBXFrameworksBuildPhase section */
		BA80E849204CEA57003D8048 /* Frameworks */ = {
			isa = PBXFrameworksBuildPhase;
			buildActionMask = 2147483647;
			files = (
				7BA1E016EF714D7AAEF872E2 /* Pods_LookOut.framework in Frameworks */,
			);
			runOnlyForDeploymentPostprocessing = 0;
		};
/* End PBXFrameworksBuildPhase section */

/* Begin PBXGroup section */
		4DA887111A46FC63E03F7D28 /* Pods */ = {
			isa = PBXGroup;
			children = (
				5A45200B78EDDC86AED9B0D4 /* Pods-LookOut.debug.xcconfig */,
				A5C545F7C56E6CCA9BEF10FB /* Pods-LookOut.release.xcconfig */,
			);
			name = Pods;
			sourceTree = "<group>";
		};
		BA17E14120527D6B0095AAF4 /* Models */ = {
			isa = PBXGroup;
			children = (
				BA17E14620527E0A0095AAF4 /* User.swift */,
				BA17E14420527E000095AAF4 /* Post.swift */,
				BA6C8D6620915DC600FA328D /* GoogleDataProvider.swift */,
				BA6C8D6520915DC500FA328D /* GooglePlace.swift */,
				BA6F94162060C388006BD89A /* Weather.swift */,
				BA3AFBD02075F2E1000B6C84 /* Chat.swift */,
				BA3AFBD22075F417000B6C84 /* Message.swift */,
			);
			path = Models;
			sourceTree = "<group>";
		};
		BA80E843204CEA57003D8048 = {
			isa = PBXGroup;
			children = (
				BABFAEC820772865008A2869 /* JSQMessages.xcodeproj */,
				BA80E84E204CEA58003D8048 /* LookOut */,
				BA80E84D204CEA58003D8048 /* Products */,
				4DA887111A46FC63E03F7D28 /* Pods */,
				DD94805CFF2C3BD4AE03490C /* Frameworks */,
			);
			sourceTree = "<group>";
		};
		BA80E84D204CEA58003D8048 /* Products */ = {
			isa = PBXGroup;
			children = (
				BA80E84C204CEA58003D8048 /* LookOut.app */,
			);
			name = Products;
			sourceTree = "<group>";
		};
		BA80E84E204CEA58003D8048 /* LookOut */ = {
			isa = PBXGroup;
			children = (
				BA80E84F204CEA58003D8048 /* AppDelegate.swift */,
				BA80E863204CF377003D8048 /* Controllers */,
				BA17E14120527D6B0095AAF4 /* Models */,
				BA80E86A204CF49D003D8048 /* Views */,
				BA80E869204CF466003D8048 /* Supporting */,
				BA80E868204CF44E003D8048 /* Storyboards */,
				BA80E867204CF432003D8048 /* Services */,
				BA80E865204CF409003D8048 /* Helpers */,
				BA80E864204CF394003D8048 /* Extensions */,
				BA80E856204CEA58003D8048 /* Assets.xcassets */,
			);
			path = LookOut;
			sourceTree = "<group>";
		};
		BA80E863204CF377003D8048 /* Controllers */ = {
			isa = PBXGroup;
			children = (
				BAADD8A62089B92E0005258F /* CustomAuthView.swift */,
				BA80E86F204D08C7003D8048 /* LoginViewController.swift */,
				BA3D7921204EF3C6000FFCA4 /* CreateUsernameViewController.swift */,
				BA6C8D6A20915DE000FA328D /* MapViewController.swift */,
				BA6C8D6920915DDF00FA328D /* TypesTableViewController.swift */,
				BA3CFF8D204F69D200946A10 /* HomeViewController.swift */,
				BA3CFF8F204F69F300946A10 /* FindFriendsViewController.swift */,
				BA3CFF91204F942800946A10 /* MainTabBarController.swift */,
				BA6F94082060A734006BD89A /* WeatherViewController.swift */,
				BAC458C22064D0A8000C4194 /* MoreViewController.swift */,
				BA037E52206CA8C700D6D1B0 /* BusViewController.swift */,
				BAF185432074960400F726BC /* ContactViewController.swift */,
				BA3AFBDA2076046E000B6C84 /* ChatListViewController.swift */,
				BA3AFBDC2076048F000B6C84 /* NewChatViewController.swift */,
				BA3AFBDE207604AF000B6C84 /* ChatViewController.swift */,
				BADB8EA1208B08A4006FDD6C /* ProfileViewController.swift */,
				BA4A02BD208C50650066B61A /* NewsViewController.swift */,
				BAA748AC20954D7500D5E075 /* VideoViewController.swift */,
			);
			path = Controllers;
			sourceTree = "<group>";
		};
		BA80E864204CF394003D8048 /* Extensions */ = {
			isa = PBXGroup;
			children = (
				BA3CFF8B204F598500946A10 /* Storyboard+Utility.swift */,
				BAA9722B205119A900E0BC35 /* UIImage+Size.swift */,
				BAA9722D20511A5900E0BC35 /* StorageReference+Post.swift */,
				BA244E9F20547BAD006F1542 /* DatabaseReference+Location.swift */,
				BA244EA120548FA7006F1542 /* UITableView+Utility.swift */,
			);
			path = Extensions;
			sourceTree = "<group>";
		};
		BA80E865204CF409003D8048 /* Helpers */ = {
			isa = PBXGroup;
			children = (
				BA3CFF95204F9B5000946A10 /* PhotoHelper.swift */,
				BAE2E0D720622195003F52BA /* Endpoint.swift */,
				BA244EA320549C0F006F1542 /* MGPaginationHelper.swift */,
				BA6C8D7520918B9200FA328D /* PlaceMarker.swift */,
			);
			path = Helpers;
			sourceTree = "<group>";
		};
		BA80E867204CF432003D8048 /* Services */ = {
			isa = PBXGroup;
			children = (
				BA3CFF87204F017200946A10 /* UserService.swift */,
				BA3CFF97204FBBC500946A10 /*  StorageService.swift */,
				BA3CFF99204FBCE600946A10 /* PostService.swift */,
				BA07BA982052793C0042D474 /*  LikeService.swift */,
				BA17E1482053613E0095AAF4 /* FollowService.swift */,
				BAE2E0D520621B3F003F52BA /* APIClient.swift */,
				BAE2E0D9206229CB003F52BA /* WeatherAPIClient.swift */,
				BA3AFBD42075F8F3000B6C84 /* ChatService.swift */,
			);
			path = Services;
			sourceTree = "<group>";
		};
		BA80E868204CF44E003D8048 /* Storyboards */ = {
			isa = PBXGroup;
			children = (
				BADB8EA9208B0FC8006FDD6C /* Profile.storyboard */,
				BAC458C42064D730000C4194 /* More.storyboard */,
				BA730F1B2096C08B00B74B69 /* Maps.storyboard */,
				BA730F172096C04F00B74B69 /* YouTube.storyboard */,
				BA4A02C1208C51220066B61A /* News.storyboard */,
				BAF185452074970400F726BC /* Contacts.storyboard */,
				BA80E858204CEA58003D8048 /* LaunchScreen.storyboard */,
				BA80E853204CEA58003D8048 /* Main.storyboard */,
				BA80DAD12051FD9D00404DFF /* Home.storyboard */,
				BA3AFBE0207606E4000B6C84 /* Chat.storyboard */,
				BA80E86B204CFCFF003D8048 /* Login.storyboard */,
			);
			path = Storyboards;
			sourceTree = "<group>";
		};
		BA80E869204CF466003D8048 /* Supporting */ = {
			isa = PBXGroup;
			children = (
				BA80E871204D0B63003D8048 /* GoogleService-Info.plist */,
				BA80E85B204CEA58003D8048 /* Info.plist */,
				BA3CFF89204F3C0200946A10 /* Constants.swift */,
			);
			path = Supporting;
			sourceTree = "<group>";
		};
		BA80E86A204CF49D003D8048 /* Views */ = {
			isa = PBXGroup;
			children = (
				BA80DAD320520EAC00404DFF /* PostImageCell.swift */,
				BAE2E0DB206232F5003F52BA /* WeatherCellView.swift */,
				BA6C8D5D20915DA000FA328D /* MarkerInfoView.swift */,
				BA6C8D6020915DA000FA328D /* MarkerInfoView.xib */,
				BA6C8D6120915DA000FA328D /* UIViewExtension.swift */,
				BA037E56206CC03300D6D1B0 /* EFImageViewZoom.swift */,
				BA80DAD72052276100404DFF /* PostHeaderCell.swift */,
				BA80DADB2052552B00404DFF /* PostActionCell.swift */,
				BA17E150205369C40095AAF4 /* FindFriendsCell.swift */,
				BABFAEB52076DB4A008A2869 /* ChatListCell.swift */,
				BABFAEB72076EAFA008A2869 /* NewChatUserCell.swift */,
			);
			path = Views;
			sourceTree = "<group>";
		};
		BABFAEC920772865008A2869 /* Products */ = {
			isa = PBXGroup;
			children = (
				BABFAECE20772866008A2869 /* JSQMessages.app */,
				BABFAED020772866008A2869 /* JSQMessagesTests.xctest */,
			);
			name = Products;
			sourceTree = "<group>";
		};
		DD94805CFF2C3BD4AE03490C /* Frameworks */ = {
			isa = PBXGroup;
			children = (
				11D59DFC5CE81B8E7DC75A89 /* Pods_LookOut.framework */,
			);
			name = Frameworks;
			sourceTree = "<group>";
		};
/* End PBXGroup section */

/* Begin PBXNativeTarget section */
		BA80E84B204CEA57003D8048 /* LookOut */ = {
			isa = PBXNativeTarget;
			buildConfigurationList = BA80E85E204CEA58003D8048 /* Build configuration list for PBXNativeTarget "LookOut" */;
			buildPhases = (
				EF30A8124E310CE025F56FFE /* [CP] Check Pods Manifest.lock */,
				BA80E848204CEA57003D8048 /* Sources */,
				BA80E849204CEA57003D8048 /* Frameworks */,
				BA80E84A204CEA57003D8048 /* Resources */,
				622B7358CFA78F27FDE31EF0 /* [CP] Embed Pods Frameworks */,
				12B15373E0D87EAFCD92A362 /* [CP] Copy Pods Resources */,
			);
			buildRules = (
			);
			dependencies = (
			);
			name = LookOut;
			productName = LookOut;
			productReference = BA80E84C204CEA58003D8048 /* LookOut.app */;
			productType = "com.apple.product-type.application";
		};
/* End PBXNativeTarget section */

/* Begin PBXProject section */
		BA80E844204CEA57003D8048 /* Project object */ = {
			isa = PBXProject;
			attributes = {
				LastSwiftUpdateCheck = 0920;
				LastUpgradeCheck = 0920;
				ORGANIZATIONNAME = Akshay;
				TargetAttributes = {
					BA80E84B204CEA57003D8048 = {
						CreatedOnToolsVersion = 9.2;
						ProvisioningStyle = Automatic;
					};
				};
			};
			buildConfigurationList = BA80E847204CEA57003D8048 /* Build configuration list for PBXProject "LookOut" */;
			compatibilityVersion = "Xcode 8.0";
			developmentRegion = en;
			hasScannedForEncodings = 0;
			knownRegions = (
				en,
				Base,
			);
			mainGroup = BA80E843204CEA57003D8048;
			productRefGroup = BA80E84D204CEA58003D8048 /* Products */;
			projectDirPath = "";
			projectReferences = (
				{
					ProductGroup = BABFAEC920772865008A2869 /* Products */;
					ProjectRef = BABFAEC820772865008A2869 /* JSQMessages.xcodeproj */;
				},
			);
			projectRoot = "";
			targets = (
				BA80E84B204CEA57003D8048 /* LookOut */,
			);
		};
/* End PBXProject section */

/* Begin PBXReferenceProxy section */
		BABFAECE20772866008A2869 /* JSQMessages.app */ = {
			isa = PBXReferenceProxy;
			fileType = wrapper.application;
			path = JSQMessages.app;
			remoteRef = BABFAECD20772866008A2869 /* PBXContainerItemProxy */;
			sourceTree = BUILT_PRODUCTS_DIR;
		};
		BABFAED020772866008A2869 /* JSQMessagesTests.xctest */ = {
			isa = PBXReferenceProxy;
			fileType = wrapper.cfbundle;
			path = JSQMessagesTests.xctest;
			remoteRef = BABFAECF20772866008A2869 /* PBXContainerItemProxy */;
			sourceTree = BUILT_PRODUCTS_DIR;
		};
/* End PBXReferenceProxy section */

/* Begin PBXResourcesBuildPhase section */
		BA80E84A204CEA57003D8048 /* Resources */ = {
			isa = PBXResourcesBuildPhase;
			buildActionMask = 2147483647;
			files = (
				BA80E86C204CFCFF003D8048 /* Login.storyboard in Resources */,
				BA730F1C2096C08B00B74B69 /* Maps.storyboard in Resources */,
				BA730F182096C04F00B74B69 /* YouTube.storyboard in Resources */,
				BAC458C52064D730000C4194 /* More.storyboard in Resources */,
				BA80E85A204CEA58003D8048 /* LaunchScreen.storyboard in Resources */,
				BA80E872204D0B63003D8048 /* GoogleService-Info.plist in Resources */,
				BA6C8D6320915DA000FA328D /* MarkerInfoView.xib in Resources */,
				BADB8EAA208B0FC8006FDD6C /* Profile.storyboard in Resources */,
				BA4A02C2208C51220066B61A /* News.storyboard in Resources */,
				BAF185462074970400F726BC /* Contacts.storyboard in Resources */,
				BA3AFBE1207606E4000B6C84 /* Chat.storyboard in Resources */,
				BA80DAD22051FD9D00404DFF /* Home.storyboard in Resources */,
				BA80E857204CEA58003D8048 /* Assets.xcassets in Resources */,
				BA80E855204CEA58003D8048 /* Main.storyboard in Resources */,
			);
			runOnlyForDeploymentPostprocessing = 0;
		};
/* End PBXResourcesBuildPhase section */

/* Begin PBXShellScriptBuildPhase section */
		12B15373E0D87EAFCD92A362 /* [CP] Copy Pods Resources */ = {
			isa = PBXShellScriptBuildPhase;
			buildActionMask = 2147483647;
			files = (
			);
			inputPaths = (
				"${SRCROOT}/Pods/Target Support Files/Pods-LookOut/Pods-LookOut-resources.sh",
				"${PODS_CONFIGURATION_BUILD_DIR}/FirebaseUI/FirebaseAuthUI.bundle",
				"${PODS_CONFIGURATION_BUILD_DIR}/FirebaseUI/FirebaseGoogleAuthUI.bundle",
				"${PODS_ROOT}/GoogleMaps/Maps/Frameworks/GoogleMaps.framework/Resources/GoogleMaps.bundle",
				"${PODS_ROOT}/GoogleSignIn/Resources/GoogleSignIn.bundle",
			);
			name = "[CP] Copy Pods Resources";
			outputPaths = (
				"${TARGET_BUILD_DIR}/${UNLOCALIZED_RESOURCES_FOLDER_PATH}/FirebaseAuthUI.bundle",
				"${TARGET_BUILD_DIR}/${UNLOCALIZED_RESOURCES_FOLDER_PATH}/FirebaseGoogleAuthUI.bundle",
				"${TARGET_BUILD_DIR}/${UNLOCALIZED_RESOURCES_FOLDER_PATH}/GoogleMaps.bundle",
				"${TARGET_BUILD_DIR}/${UNLOCALIZED_RESOURCES_FOLDER_PATH}/GoogleSignIn.bundle",
			);
			runOnlyForDeploymentPostprocessing = 0;
			shellPath = /bin/sh;
			shellScript = "\"${SRCROOT}/Pods/Target Support Files/Pods-LookOut/Pods-LookOut-resources.sh\"\n";
			showEnvVarsInLog = 0;
		};
		622B7358CFA78F27FDE31EF0 /* [CP] Embed Pods Frameworks */ = {
			isa = PBXShellScriptBuildPhase;
			buildActionMask = 2147483647;
			files = (
			);
			inputPaths = (
				"${SRCROOT}/Pods/Target Support Files/Pods-LookOut/Pods-LookOut-frameworks.sh",
				"${BUILT_PRODUCTS_DIR}/AZDropdownMenu/AZDropdownMenu.framework",
				"${BUILT_PRODUCTS_DIR}/Alamofire/Alamofire.framework",
				"${BUILT_PRODUCTS_DIR}/AlamofireImage/AlamofireImage.framework",
				"${BUILT_PRODUCTS_DIR}/GTMOAuth2/GTMOAuth2.framework",
				"${BUILT_PRODUCTS_DIR}/GTMSessionFetcher/GTMSessionFetcher.framework",
				"${BUILT_PRODUCTS_DIR}/GoogleToolboxForMac/GoogleToolboxForMac.framework",
				"${BUILT_PRODUCTS_DIR}/JSQMessagesViewController/JSQMessagesViewController.framework",
				"${BUILT_PRODUCTS_DIR}/JSQSystemSoundPlayer/JSQSystemSoundPlayer.framework",
				"${BUILT_PRODUCTS_DIR}/Kingfisher/Kingfisher.framework",
				"${BUILT_PRODUCTS_DIR}/SwiftyJSON/SwiftyJSON.framework",
				"${BUILT_PRODUCTS_DIR}/UPCarouselFlowLayout/UPCarouselFlowLayout.framework",
				"${BUILT_PRODUCTS_DIR}/YouTubePlayer/YouTubePlayer.framework",
				"${BUILT_PRODUCTS_DIR}/leveldb-library/leveldb.framework",
				"${BUILT_PRODUCTS_DIR}/nanopb/nanopb.framework",
			);
			name = "[CP] Embed Pods Frameworks";
			outputPaths = (
				"${TARGET_BUILD_DIR}/${FRAMEWORKS_FOLDER_PATH}/AZDropdownMenu.framework",
				"${TARGET_BUILD_DIR}/${FRAMEWORKS_FOLDER_PATH}/Alamofire.framework",
				"${TARGET_BUILD_DIR}/${FRAMEWORKS_FOLDER_PATH}/AlamofireImage.framework",
				"${TARGET_BUILD_DIR}/${FRAMEWORKS_FOLDER_PATH}/GTMOAuth2.framework",
				"${TARGET_BUILD_DIR}/${FRAMEWORKS_FOLDER_PATH}/GTMSessionFetcher.framework",
				"${TARGET_BUILD_DIR}/${FRAMEWORKS_FOLDER_PATH}/GoogleToolboxForMac.framework",
				"${TARGET_BUILD_DIR}/${FRAMEWORKS_FOLDER_PATH}/JSQMessagesViewController.framework",
				"${TARGET_BUILD_DIR}/${FRAMEWORKS_FOLDER_PATH}/JSQSystemSoundPlayer.framework",
				"${TARGET_BUILD_DIR}/${FRAMEWORKS_FOLDER_PATH}/Kingfisher.framework",
				"${TARGET_BUILD_DIR}/${FRAMEWORKS_FOLDER_PATH}/SwiftyJSON.framework",
				"${TARGET_BUILD_DIR}/${FRAMEWORKS_FOLDER_PATH}/UPCarouselFlowLayout.framework",
				"${TARGET_BUILD_DIR}/${FRAMEWORKS_FOLDER_PATH}/YouTubePlayer.framework",
				"${TARGET_BUILD_DIR}/${FRAMEWORKS_FOLDER_PATH}/leveldb.framework",
				"${TARGET_BUILD_DIR}/${FRAMEWORKS_FOLDER_PATH}/nanopb.framework",
			);
			runOnlyForDeploymentPostprocessing = 0;
			shellPath = /bin/sh;
			shellScript = "\"${SRCROOT}/Pods/Target Support Files/Pods-LookOut/Pods-LookOut-frameworks.sh\"\n";
			showEnvVarsInLog = 0;
		};
		EF30A8124E310CE025F56FFE /* [CP] Check Pods Manifest.lock */ = {
			isa = PBXShellScriptBuildPhase;
			buildActionMask = 2147483647;
			files = (
			);
			inputPaths = (
				"${PODS_PODFILE_DIR_PATH}/Podfile.lock",
				"${PODS_ROOT}/Manifest.lock",
			);
			name = "[CP] Check Pods Manifest.lock";
			outputPaths = (
				"$(DERIVED_FILE_DIR)/Pods-LookOut-checkManifestLockResult.txt",
			);
			runOnlyForDeploymentPostprocessing = 0;
			shellPath = /bin/sh;
			shellScript = "diff \"${PODS_PODFILE_DIR_PATH}/Podfile.lock\" \"${PODS_ROOT}/Manifest.lock\" > /dev/null\nif [ $? != 0 ] ; then\n    # print error to STDERR\n    echo \"error: The sandbox is not in sync with the Podfile.lock. Run 'pod install' or update your CocoaPods installation.\" >&2\n    exit 1\nfi\n# This output is used by Xcode 'outputs' to avoid re-running this script phase.\necho \"SUCCESS\" > \"${SCRIPT_OUTPUT_FILE_0}\"\n";
			showEnvVarsInLog = 0;
		};
/* End PBXShellScriptBuildPhase section */

/* Begin PBXSourcesBuildPhase section */
		BA80E848204CEA57003D8048 /* Sources */ = {
			isa = PBXSourcesBuildPhase;
			buildActionMask = 2147483647;
			files = (
				BA17E1492053613E0095AAF4 /* FollowService.swift in Sources */,
				BAE2E0D820622195003F52BA /* Endpoint.swift in Sources */,
				BAA748AD20954D7500D5E075 /* VideoViewController.swift in Sources */,
				BA80DAD420520EAC00404DFF /* PostImageCell.swift in Sources */,
				BABFAEB62076DB4A008A2869 /* ChatListCell.swift in Sources */,
				BA80E870204D08C7003D8048 /* LoginViewController.swift in Sources */,
				BA07BA992052793C0042D474 /*  LikeService.swift in Sources */,
				BA6C8D6420915DA000FA328D /* UIViewExtension.swift in Sources */,
				BA6C8D6220915DA000FA328D /* MarkerInfoView.swift in Sources */,
				BAC458C32064D0A8000C4194 /* MoreViewController.swift in Sources */,
				BA244EA220548FA7006F1542 /* UITableView+Utility.swift in Sources */,
				BA3CFF92204F942800946A10 /* MainTabBarController.swift in Sources */,
				BA3CFF88204F017200946A10 /* UserService.swift in Sources */,
				BA80DADC2052552B00404DFF /* PostActionCell.swift in Sources */,
				BA3CFF96204F9B5000946A10 /* PhotoHelper.swift in Sources */,
				BAE2E0DC206232F5003F52BA /* WeatherCellView.swift in Sources */,
				BAA9722C205119A900E0BC35 /* UIImage+Size.swift in Sources */,
				BA3AFBD12075F2E1000B6C84 /* Chat.swift in Sources */,
				BA17E14720527E0A0095AAF4 /* User.swift in Sources */,
				BA244EA420549C0F006F1542 /* MGPaginationHelper.swift in Sources */,
				BA6C8D6C20915DE000FA328D /* MapViewController.swift in Sources */,
				BA17E151205369C40095AAF4 /* FindFriendsCell.swift in Sources */,
				BA6C8D6720915DC600FA328D /* GooglePlace.swift in Sources */,
				BA6F94172060C388006BD89A /* Weather.swift in Sources */,
				BABFAEB82076EAFA008A2869 /* NewChatUserCell.swift in Sources */,
				BA3CFF8E204F69D200946A10 /* HomeViewController.swift in Sources */,
				BAE2E0D620621B3F003F52BA /* APIClient.swift in Sources */,
				BA3CFF8C204F598500946A10 /* Storyboard+Utility.swift in Sources */,
				BA3CFF90204F69F300946A10 /* FindFriendsViewController.swift in Sources */,
				BA3CFF8A204F3C0200946A10 /* Constants.swift in Sources */,
				BA4A02BE208C50650066B61A /* NewsViewController.swift in Sources */,
				BA6F94092060A734006BD89A /* WeatherViewController.swift in Sources */,
				BA3AFBDB2076046E000B6C84 /* ChatListViewController.swift in Sources */,
				BAA9722E20511A5900E0BC35 /* StorageReference+Post.swift in Sources */,
				BA3AFBD52075F8F3000B6C84 /* ChatService.swift in Sources */,
				BA037E57206CC03300D6D1B0 /* EFImageViewZoom.swift in Sources */,
				BA244EA020547BAD006F1542 /* DatabaseReference+Location.swift in Sources */,
				BA6C8D6B20915DE000FA328D /* TypesTableViewController.swift in Sources */,
				BA3D7922204EF3C6000FFCA4 /* CreateUsernameViewController.swift in Sources */,
				BA6C8D7620918B9200FA328D /* PlaceMarker.swift in Sources */,
				BA3AFBD32075F417000B6C84 /* Message.swift in Sources */,
				BAE2E0DA206229CB003F52BA /* WeatherAPIClient.swift in Sources */,
				BA3CFF9A204FBCE600946A10 /* PostService.swift in Sources */,
				BAF185442074960400F726BC /* ContactViewController.swift in Sources */,
				BA3CFF98204FBBC500946A10 /*  StorageService.swift in Sources */,
				BA037E53206CA8C700D6D1B0 /* BusViewController.swift in Sources */,
				BA17E14520527E000095AAF4 /* Post.swift in Sources */,
				BA3AFBDF207604AF000B6C84 /* ChatViewController.swift in Sources */,
				BA80DAD82052276100404DFF /* PostHeaderCell.swift in Sources */,
				BA6C8D6820915DC600FA328D /* GoogleDataProvider.swift in Sources */,
				BA80E850204CEA58003D8048 /* AppDelegate.swift in Sources */,
				BADB8EA2208B08A4006FDD6C /* ProfileViewController.swift in Sources */,
				BA3AFBDD2076048F000B6C84 /* NewChatViewController.swift in Sources */,
				BAADD8A72089B92E0005258F /* CustomAuthView.swift in Sources */,
			);
			runOnlyForDeploymentPostprocessing = 0;
		};
/* End PBXSourcesBuildPhase section */

/* Begin PBXVariantGroup section */
		BA80E853204CEA58003D8048 /* Main.storyboard */ = {
			isa = PBXVariantGroup;
			children = (
				BA80E854204CEA58003D8048 /* Base */,
			);
			name = Main.storyboard;
			sourceTree = "<group>";
		};
		BA80E858204CEA58003D8048 /* LaunchScreen.storyboard */ = {
			isa = PBXVariantGroup;
			children = (
				BA80E859204CEA58003D8048 /* Base */,
			);
			name = LaunchScreen.storyboard;
			sourceTree = "<group>";
		};
/* End PBXVariantGroup section */

/* Begin XCBuildConfiguration section */
		BA80E85C204CEA58003D8048 /* Debug */ = {
			isa = XCBuildConfiguration;
			buildSettings = {
				ALWAYS_SEARCH_USER_PATHS = NO;
				CLANG_ANALYZER_NONNULL = YES;
				CLANG_ANALYZER_NUMBER_OBJECT_CONVERSION = YES_AGGRESSIVE;
				CLANG_CXX_LANGUAGE_STANDARD = "gnu++14";
				CLANG_CXX_LIBRARY = "libc++";
				CLANG_ENABLE_MODULES = YES;
				CLANG_ENABLE_OBJC_ARC = YES;
				CLANG_WARN_BLOCK_CAPTURE_AUTORELEASING = YES;
				CLANG_WARN_BOOL_CONVERSION = YES;
				CLANG_WARN_COMMA = YES;
				CLANG_WARN_CONSTANT_CONVERSION = YES;
				CLANG_WARN_DIRECT_OBJC_ISA_USAGE = YES_ERROR;
				CLANG_WARN_DOCUMENTATION_COMMENTS = YES;
				CLANG_WARN_EMPTY_BODY = YES;
				CLANG_WARN_ENUM_CONVERSION = YES;
				CLANG_WARN_INFINITE_RECURSION = YES;
				CLANG_WARN_INT_CONVERSION = YES;
				CLANG_WARN_NON_LITERAL_NULL_CONVERSION = YES;
				CLANG_WARN_OBJC_LITERAL_CONVERSION = YES;
				CLANG_WARN_OBJC_ROOT_CLASS = YES_ERROR;
				CLANG_WARN_RANGE_LOOP_ANALYSIS = YES;
				CLANG_WARN_STRICT_PROTOTYPES = YES;
				CLANG_WARN_SUSPICIOUS_MOVE = YES;
				CLANG_WARN_UNGUARDED_AVAILABILITY = YES_AGGRESSIVE;
				CLANG_WARN_UNREACHABLE_CODE = YES;
				CLANG_WARN__DUPLICATE_METHOD_MATCH = YES;
				CODE_SIGN_IDENTITY = "iPhone Developer";
				COPY_PHASE_STRIP = NO;
				DEBUG_INFORMATION_FORMAT = dwarf;
				ENABLE_STRICT_OBJC_MSGSEND = YES;
				ENABLE_TESTABILITY = YES;
				GCC_C_LANGUAGE_STANDARD = gnu11;
				GCC_DYNAMIC_NO_PIC = NO;
				GCC_NO_COMMON_BLOCKS = YES;
				GCC_OPTIMIZATION_LEVEL = 0;
				GCC_PREPROCESSOR_DEFINITIONS = (
					"DEBUG=1",
					"$(inherited)",
				);
				GCC_WARN_64_TO_32_BIT_CONVERSION = YES;
				GCC_WARN_ABOUT_RETURN_TYPE = YES_ERROR;
				GCC_WARN_UNDECLARED_SELECTOR = YES;
				GCC_WARN_UNINITIALIZED_AUTOS = YES_AGGRESSIVE;
				GCC_WARN_UNUSED_FUNCTION = YES;
				GCC_WARN_UNUSED_VARIABLE = YES;
				IPHONEOS_DEPLOYMENT_TARGET = 11.2;
				MTL_ENABLE_DEBUG_INFO = YES;
				ONLY_ACTIVE_ARCH = YES;
				SDKROOT = iphoneos;
				SWIFT_ACTIVE_COMPILATION_CONDITIONS = DEBUG;
				SWIFT_OPTIMIZATION_LEVEL = "-Onone";
			};
			name = Debug;
		};
		BA80E85D204CEA58003D8048 /* Release */ = {
			isa = XCBuildConfiguration;
			buildSettings = {
				ALWAYS_SEARCH_USER_PATHS = NO;
				CLANG_ANALYZER_NONNULL = YES;
				CLANG_ANALYZER_NUMBER_OBJECT_CONVERSION = YES_AGGRESSIVE;
				CLANG_CXX_LANGUAGE_STANDARD = "gnu++14";
				CLANG_CXX_LIBRARY = "libc++";
				CLANG_ENABLE_MODULES = YES;
				CLANG_ENABLE_OBJC_ARC = YES;
				CLANG_WARN_BLOCK_CAPTURE_AUTORELEASING = YES;
				CLANG_WARN_BOOL_CONVERSION = YES;
				CLANG_WARN_COMMA = YES;
				CLANG_WARN_CONSTANT_CONVERSION = YES;
				CLANG_WARN_DIRECT_OBJC_ISA_USAGE = YES_ERROR;
				CLANG_WARN_DOCUMENTATION_COMMENTS = YES;
				CLANG_WARN_EMPTY_BODY = YES;
				CLANG_WARN_ENUM_CONVERSION = YES;
				CLANG_WARN_INFINITE_RECURSION = YES;
				CLANG_WARN_INT_CONVERSION = YES;
				CLANG_WARN_NON_LITERAL_NULL_CONVERSION = YES;
				CLANG_WARN_OBJC_LITERAL_CONVERSION = YES;
				CLANG_WARN_OBJC_ROOT_CLASS = YES_ERROR;
				CLANG_WARN_RANGE_LOOP_ANALYSIS = YES;
				CLANG_WARN_STRICT_PROTOTYPES = YES;
				CLANG_WARN_SUSPICIOUS_MOVE = YES;
				CLANG_WARN_UNGUARDED_AVAILABILITY = YES_AGGRESSIVE;
				CLANG_WARN_UNREACHABLE_CODE = YES;
				CLANG_WARN__DUPLICATE_METHOD_MATCH = YES;
				CODE_SIGN_IDENTITY = "iPhone Developer";
				COPY_PHASE_STRIP = NO;
				DEBUG_INFORMATION_FORMAT = "dwarf-with-dsym";
				ENABLE_NS_ASSERTIONS = NO;
				ENABLE_STRICT_OBJC_MSGSEND = YES;
				GCC_C_LANGUAGE_STANDARD = gnu11;
				GCC_NO_COMMON_BLOCKS = YES;
				GCC_WARN_64_TO_32_BIT_CONVERSION = YES;
				GCC_WARN_ABOUT_RETURN_TYPE = YES_ERROR;
				GCC_WARN_UNDECLARED_SELECTOR = YES;
				GCC_WARN_UNINITIALIZED_AUTOS = YES_AGGRESSIVE;
				GCC_WARN_UNUSED_FUNCTION = YES;
				GCC_WARN_UNUSED_VARIABLE = YES;
				IPHONEOS_DEPLOYMENT_TARGET = 11.2;
				MTL_ENABLE_DEBUG_INFO = NO;
				SDKROOT = iphoneos;
				SWIFT_OPTIMIZATION_LEVEL = "-Owholemodule";
				VALIDATE_PRODUCT = YES;
			};
			name = Release;
		};
		BA80E85F204CEA58003D8048 /* Debug */ = {
			isa = XCBuildConfiguration;
			baseConfigurationReference = 5A45200B78EDDC86AED9B0D4 /* Pods-LookOut.debug.xcconfig */;
			buildSettings = {
				ASSETCATALOG_COMPILER_APPICON_NAME = AppIcon;
				CODE_SIGN_IDENTITY = "iPhone Developer";
				"CODE_SIGN_IDENTITY[sdk=iphoneos*]" = "iPhone Developer";
				CODE_SIGN_STYLE = Automatic;
				DEVELOPMENT_TEAM = MKRFH8AZKL;
				INFOPLIST_FILE = "$(SRCROOT)/LookOut/Supporting/Info.plist";
				IPHONEOS_DEPLOYMENT_TARGET = 11.2;
				LD_RUNPATH_SEARCH_PATHS = "$(inherited) @executable_path/Frameworks";
				PRODUCT_BUNDLE_IDENTIFIER = Akshay.LookOut;
				PRODUCT_NAME = "$(TARGET_NAME)";
				PROVISIONING_PROFILE_SPECIFIER = "";
				SWIFT_VERSION = 4.0;
				TARGETED_DEVICE_FAMILY = "1,2";
			};
			name = Debug;
		};
		BA80E860204CEA58003D8048 /* Release */ = {
			isa = XCBuildConfiguration;
			baseConfigurationReference = A5C545F7C56E6CCA9BEF10FB /* Pods-LookOut.release.xcconfig */;
			buildSettings = {
				ASSETCATALOG_COMPILER_APPICON_NAME = AppIcon;
				CODE_SIGN_IDENTITY = "iPhone Developer";
				"CODE_SIGN_IDENTITY[sdk=iphoneos*]" = "iPhone Developer";
				CODE_SIGN_STYLE = Automatic;
				DEVELOPMENT_TEAM = MKRFH8AZKL;
				INFOPLIST_FILE = "$(SRCROOT)/LookOut/Supporting/Info.plist";
				IPHONEOS_DEPLOYMENT_TARGET = 11.2;
				LD_RUNPATH_SEARCH_PATHS = "$(inherited) @executable_path/Frameworks";
				PRODUCT_BUNDLE_IDENTIFIER = Akshay.LookOut;
				PRODUCT_NAME = "$(TARGET_NAME)";
				PROVISIONING_PROFILE_SPECIFIER = "";
				SWIFT_VERSION = 4.0;
				TARGETED_DEVICE_FAMILY = "1,2";
			};
			name = Release;
		};
/* End XCBuildConfiguration section */

/* Begin XCConfigurationList section */
		BA80E847204CEA57003D8048 /* Build configuration list for PBXProject "LookOut" */ = {
			isa = XCConfigurationList;
			buildConfigurations = (
				BA80E85C204CEA58003D8048 /* Debug */,
				BA80E85D204CEA58003D8048 /* Release */,
			);
			defaultConfigurationIsVisible = 0;
			defaultConfigurationName = Release;
		};
		BA80E85E204CEA58003D8048 /* Build configuration list for PBXNativeTarget "LookOut" */ = {
			isa = XCConfigurationList;
			buildConfigurations = (
				BA80E85F204CEA58003D8048 /* Debug */,
				BA80E860204CEA58003D8048 /* Release */,
			);
			defaultConfigurationIsVisible = 0;
			defaultConfigurationName = Release;
		};
/* End XCConfigurationList section */
	};
	rootObject = BA80E844204CEA57003D8048 /* Project object */;
}
